
Microsoft Visual Studio Solution File, Format Version 12.00
# Visual Studio 14
VisualStudioVersion = 14.0.24720.0
MinimumVisualStudioVersion = 10.0.40219.1
Project("{FAE04EC0-301F-11D3-BF4B-00C04F79EFBC}") = "DatingWebbAPPHt2016", "DatingWebbAPPHt2016\DatingWebbAPPHt2016.csproj", "{847D0C98-8102-442B-BAD8-63366419D352}"
EndProject
Project("{FAE04EC0-301F-11D3-BF4B-00C04F79EFBC}") = "DatingWebbAPPHt2016.Tests", "DatingWebbAPPHt2016.Tests\DatingWebbAPPHt2016.Tests.csproj", "{011E8026-B159-43C7-98DF-781CF7CC975B}"
EndProject
Project("{FAE04EC0-301F-11D3-BF4B-00C04F79EFBC}") = "DataAccessLayer", "DataAccessLayer\DataAccessLayer.csproj", "{8A6E4386-9681-4CCC-A6A0-E5FA8A80FBE5}"
EndProject
Global
	GlobalSection(SolutionConfigurationPlatforms) = preSolution
		Debug|Any CPU = Debug|Any CPU
		Release|Any CPU = Release|Any CPU
	EndGlobalSection
	GlobalSection(ProjectConfigurationPlatforms) = postSolution
		{847D0C98-8102-442B-BAD8-63366419D352}.Debug|Any CPU.ActiveCfg = Debug|Any CPU
		{847D0C98-8102-442B-BAD8-63366419D352}.Debug|Any CPU.Build.0 = Debug|Any CPU
		{847D0C98-8102-442B-BAD8-63366419D352}.Release|Any CPU.ActiveCfg = Release|Any CPU
		{847D0C98-8102-442B-BAD8-63366419D352}.Release|Any CPU.Build.0 = Release|Any CPU
		{011E8026-B159-43C7-98DF-781CF7CC975B}.Debug|Any CPU.ActiveCfg = Debug|Any CPU
		{011E8026-B159-43C7-98DF-781CF7CC975B}.Debug|Any CPU.Build.0 = Debug|Any CPU
		{011E8026-B159-43C7-98DF-781CF7CC975B}.Release|Any CPU.ActiveCfg = Release|Any CPU
		{011E8026-B159-43C7-98DF-781CF7CC975B}.Release|Any CPU.Build.0 = Release|Any CPU
		{8A6E4386-9681-4CCC-A6A0-E5FA8A80FBE5}.Debug|Any CPU.ActiveCfg = Debug|Any CPU
		{8A6E4386-9681-4CCC-A6A0-E5FA8A80FBE5}.Debug|Any CPU.Build.0 = Debug|Any CPU
		{8A6E4386-9681-4CCC-A6A0-E5FA8A80FBE5}.Release|Any CPU.ActiveCfg = Release|Any CPU
		{8A6E4386-9681-4CCC-A6A0-E5FA8A80FBE5}.Release|Any CPU.Build.0 = Release|Any CPU
	EndGlobalSection
	GlobalSection(SolutionProperties) = preSolution
		HideSolutionNode = FALSE
	EndGlobalSection
EndGlobal
